// !$*UTF8*$!
{
	archiveVersion = 1;
	classes = {
	};
	objectVersion = 50;
	objects = {

/* Begin PBXBuildFile section */
		3C0E327A22F764C80048CFA4 /* AppDelegate.swift in Sources */ = {isa = PBXBuildFile; fileRef = 3C0E327922F764C80048CFA4 /* AppDelegate.swift */; };
		3C0E327C22F764C80048CFA4 /* ViewController.swift in Sources */ = {isa = PBXBuildFile; fileRef = 3C0E327B22F764C80048CFA4 /* ViewController.swift */; };
		3C0E327F22F764C80048CFA4 /* Main.storyboard in Resources */ = {isa = PBXBuildFile; fileRef = 3C0E327D22F764C80048CFA4 /* Main.storyboard */; };
		3C0E328122F764C90048CFA4 /* Assets.xcassets in Resources */ = {isa = PBXBuildFile; fileRef = 3C0E328022F764C90048CFA4 /* Assets.xcassets */; };
		3C0E328422F764C90048CFA4 /* LaunchScreen.storyboard in Resources */ = {isa = PBXBuildFile; fileRef = 3C0E328222F764C90048CFA4 /* LaunchScreen.storyboard */; };
		3C0E328F22F764C90048CFA4 /* PaintSplatterTests.swift in Sources */ = {isa = PBXBuildFile; fileRef = 3C0E328E22F764C90048CFA4 /* PaintSplatterTests.swift */; };
		3C0E329A22F764C90048CFA4 /* PaintSplatterUITests.swift in Sources */ = {isa = PBXBuildFile; fileRef = 3C0E329922F764C90048CFA4 /* PaintSplatterUITests.swift */; };
		3C0E32B322F764E40048CFA4 /* Settings.swift in Sources */ = {isa = PBXBuildFile; fileRef = 3C0E32A722F764E30048CFA4 /* Settings.swift */; };
		3C0E32B422F764E40048CFA4 /* GeometryBuilder.swift in Sources */ = {isa = PBXBuildFile; fileRef = 3C0E32A822F764E30048CFA4 /* GeometryBuilder.swift */; };
		3C0E32B522F764E40048CFA4 /* TextureTools.swift in Sources */ = {isa = PBXBuildFile; fileRef = 3C0E32A922F764E30048CFA4 /* TextureTools.swift */; };
		3C0E32B622F764E40048CFA4 /* Extensions.swift in Sources */ = {isa = PBXBuildFile; fileRef = 3C0E32AA22F764E30048CFA4 /* Extensions.swift */; };
		3C0E32B722F764E40048CFA4 /* Random.swift in Sources */ = {isa = PBXBuildFile; fileRef = 3C0E32AB22F764E30048CFA4 /* Random.swift */; };
		3C0E32B822F764E40048CFA4 /* Shaders.metal in Sources */ = {isa = PBXBuildFile; fileRef = 3C0E32AC22F764E30048CFA4 /* Shaders.metal */; };
		3C0E32B922F764E40048CFA4 /* Ensure.swift in Sources */ = {isa = PBXBuildFile; fileRef = 3C0E32AD22F764E30048CFA4 /* Ensure.swift */; };
		3C0E32BA22F764E40048CFA4 /* metalState.png in Resources */ = {isa = PBXBuildFile; fileRef = 3C0E32AE22F764E30048CFA4 /* metalState.png */; };
		3C0E32BB22F764E40048CFA4 /* Water.metal in Sources */ = {isa = PBXBuildFile; fileRef = 3C0E32AF22F764E30048CFA4 /* Water.metal */; };
		3C0E32BC22F764E40048CFA4 /* WaterSim.swift in Sources */ = {isa = PBXBuildFile; fileRef = 3C0E32B022F764E30048CFA4 /* WaterSim.swift */; };
		3C0E32BD22F764E40048CFA4 /* Structs.swift in Sources */ = {isa = PBXBuildFile; fileRef = 3C0E32B122F764E30048CFA4 /* Structs.swift */; };
		3C0E32BE22F764E40048CFA4 /* MetalState.swift in Sources */ = {isa = PBXBuildFile; fileRef = 3C0E32B222F764E40048CFA4 /* MetalState.swift */; };
		3C0E32C022F768C20048CFA4 /* ExecuteContinuously.swift in Sources */ = {isa = PBXBuildFile; fileRef = 3C0E32BF22F768C20048CFA4 /* ExecuteContinuously.swift */; };
/* End PBXBuildFile section */

/* Begin PBXContainerItemProxy section */
		3C0E328B22F764C90048CFA4 /* PBXContainerItemProxy */ = {
			isa = PBXContainerItemProxy;
			containerPortal = 3C0E326E22F764C80048CFA4 /* Project object */;
			proxyType = 1;
			remoteGlobalIDString = 3C0E327522F764C80048CFA4;
			remoteInfo = PaintSplatter;
		};
		3C0E329622F764C90048CFA4 /* PBXContainerItemProxy */ = {
			isa = PBXContainerItemProxy;
			containerPortal = 3C0E326E22F764C80048CFA4 /* Project object */;
			proxyType = 1;
			remoteGlobalIDString = 3C0E327522F764C80048CFA4;
			remoteInfo = PaintSplatter;
		};
/* End PBXContainerItemProxy section */

/* Begin PBXFileReference section */
		3C0E327622F764C80048CFA4 /* PaintSplatter.app */ = {isa = PBXFileReference; explicitFileType = wrapper.application; includeInIndex = 0; path = PaintSplatter.app; sourceTree = BUILT_PRODUCTS_DIR; };
		3C0E327922F764C80048CFA4 /* AppDelegate.swift */ = {isa = PBXFileReference; lastKnownFileType = sourcecode.swift; path = AppDelegate.swift; sourceTree = "<group>"; };
		3C0E327B22F764C80048CFA4 /* ViewController.swift */ = {isa = PBXFileReference; lastKnownFileType = sourcecode.swift; path = ViewController.swift; sourceTree = "<group>"; };
		3C0E327E22F764C80048CFA4 /* Base */ = {isa = PBXFileReference; lastKnownFileType = file.storyboard; name = Base; path = Base.lproj/Main.storyboard; sourceTree = "<group>"; };
		3C0E328022F764C90048CFA4 /* Assets.xcassets */ = {isa = PBXFileReference; lastKnownFileType = folder.assetcatalog; path = Assets.xcassets; sourceTree = "<group>"; };
		3C0E328322F764C90048CFA4 /* Base */ = {isa = PBXFileReference; lastKnownFileType = file.storyboard; name = Base; path = Base.lproj/LaunchScreen.storyboard; sourceTree = "<group>"; };
		3C0E328522F764C90048CFA4 /* Info.plist */ = {isa = PBXFileReference; lastKnownFileType = text.plist.xml; path = Info.plist; sourceTree = "<group>"; };
		3C0E328A22F764C90048CFA4 /* PaintSplatterTests.xctest */ = {isa = PBXFileReference; explicitFileType = wrapper.cfbundle; includeInIndex = 0; path = PaintSplatterTests.xctest; sourceTree = BUILT_PRODUCTS_DIR; };
		3C0E328E22F764C90048CFA4 /* PaintSplatterTests.swift */ = {isa = PBXFileReference; lastKnownFileType = sourcecode.swift; path = PaintSplatterTests.swift; sourceTree = "<group>"; };
		3C0E329022F764C90048CFA4 /* Info.plist */ = {isa = PBXFileReference; lastKnownFileType = text.plist.xml; path = Info.plist; sourceTree = "<group>"; };
		3C0E329522F764C90048CFA4 /* PaintSplatterUITests.xctest */ = {isa = PBXFileReference; explicitFileType = wrapper.cfbundle; includeInIndex = 0; path = PaintSplatterUITests.xctest; sourceTree = BUILT_PRODUCTS_DIR; };
		3C0E329922F764C90048CFA4 /* PaintSplatterUITests.swift */ = {isa = PBXFileReference; lastKnownFileType = sourcecode.swift; path = PaintSplatterUITests.swift; sourceTree = "<group>"; };
		3C0E329B22F764C90048CFA4 /* Info.plist */ = {isa = PBXFileReference; lastKnownFileType = text.plist.xml; path = Info.plist; sourceTree = "<group>"; };
		3C0E32A722F764E30048CFA4 /* Settings.swift */ = {isa = PBXFileReference; fileEncoding = 4; lastKnownFileType = sourcecode.swift; path = Settings.swift; sourceTree = "<group>"; };
		3C0E32A822F764E30048CFA4 /* GeometryBuilder.swift */ = {isa = PBXFileReference; fileEncoding = 4; lastKnownFileType = sourcecode.swift; path = GeometryBuilder.swift; sourceTree = "<group>"; };
		3C0E32A922F764E30048CFA4 /* TextureTools.swift */ = {isa = PBXFileReference; fileEncoding = 4; lastKnownFileType = sourcecode.swift; path = TextureTools.swift; sourceTree = "<group>"; };
		3C0E32AA22F764E30048CFA4 /* Extensions.swift */ = {isa = PBXFileReference; fileEncoding = 4; lastKnownFileType = sourcecode.swift; path = Extensions.swift; sourceTree = "<group>"; };
		3C0E32AB22F764E30048CFA4 /* Random.swift */ = {isa = PBXFileReference; fileEncoding = 4; lastKnownFileType = sourcecode.swift; path = Random.swift; sourceTree = "<group>"; };
		3C0E32AC22F764E30048CFA4 /* Shaders.metal */ = {isa = PBXFileReference; fileEncoding = 4; lastKnownFileType = sourcecode.metal; path = Shaders.metal; sourceTree = "<group>"; };
		3C0E32AD22F764E30048CFA4 /* Ensure.swift */ = {isa = PBXFileReference; fileEncoding = 4; lastKnownFileType = sourcecode.swift; path = Ensure.swift; sourceTree = "<group>"; };
		3C0E32AE22F764E30048CFA4 /* metalState.png */ = {isa = PBXFileReference; lastKnownFileType = image.png; path = metalState.png; sourceTree = "<group>"; };
		3C0E32AF22F764E30048CFA4 /* Water.metal */ = {isa = PBXFileReference; fileEncoding = 4; lastKnownFileType = sourcecode.metal; path = Water.metal; sourceTree = "<group>"; };
		3C0E32B022F764E30048CFA4 /* WaterSim.swift */ = {isa = PBXFileReference; fileEncoding = 4; lastKnownFileType = sourcecode.swift; path = WaterSim.swift; sourceTree = "<group>"; };
		3C0E32B122F764E30048CFA4 /* Structs.swift */ = {isa = PBXFileReference; fileEncoding = 4; lastKnownFileType = sourcecode.swift; path = Structs.swift; sourceTree = "<group>"; };
		3C0E32B222F764E40048CFA4 /* MetalState.swift */ = {isa = PBXFileReference; fileEncoding = 4; lastKnownFileType = sourcecode.swift; path = MetalState.swift; sourceTree = "<group>"; };
		3C0E32BF22F768C20048CFA4 /* ExecuteContinuously.swift */ = {isa = PBXFileReference; lastKnownFileType = sourcecode.swift; path = ExecuteContinuously.swift; sourceTree = "<group>"; };
/* End PBXFileReference section */

/* Begin PBXFrameworksBuildPhase section */
		3C0E327322F764C80048CFA4 /* Frameworks */ = {
			isa = PBXFrameworksBuildPhase;
			buildActionMask = 2147483647;
			files = (
			);
			runOnlyForDeploymentPostprocessing = 0;
		};
		3C0E328722F764C90048CFA4 /* Frameworks */ = {
			isa = PBXFrameworksBuildPhase;
			buildActionMask = 2147483647;
			files = (
			);
			runOnlyForDeploymentPostprocessing = 0;
		};
		3C0E329222F764C90048CFA4 /* Frameworks */ = {
			isa = PBXFrameworksBuildPhase;
			buildActionMask = 2147483647;
			files = (
			);
			runOnlyForDeploymentPostprocessing = 0;
		};
/* End PBXFrameworksBuildPhase section */

/* Begin PBXGroup section */
		3C0E326D22F764C80048CFA4 = {
			isa = PBXGroup;
			children = (
				3C0E327822F764C80048CFA4 /* PaintSplatter */,
				3C0E328D22F764C90048CFA4 /* PaintSplatterTests */,
				3C0E329822F764C90048CFA4 /* PaintSplatterUITests */,
				3C0E327722F764C80048CFA4 /* Products */,
			);
			sourceTree = "<group>";
		};
		3C0E327722F764C80048CFA4 /* Products */ = {
			isa = PBXGroup;
			children = (
				3C0E327622F764C80048CFA4 /* PaintSplatter.app */,
				3C0E328A22F764C90048CFA4 /* PaintSplatterTests.xctest */,
				3C0E329522F764C90048CFA4 /* PaintSplatterUITests.xctest */,
			);
			name = Products;
			sourceTree = "<group>";
		};
		3C0E327822F764C80048CFA4 /* PaintSplatter */ = {
			isa = PBXGroup;
			children = (
				3C0E327922F764C80048CFA4 /* AppDelegate.swift */,
				3C0E327B22F764C80048CFA4 /* ViewController.swift */,
				3C0E32BF22F768C20048CFA4 /* ExecuteContinuously.swift */,
				3C0E32AD22F764E30048CFA4 /* Ensure.swift */,
				3C0E32AA22F764E30048CFA4 /* Extensions.swift */,
				3C0E32A822F764E30048CFA4 /* GeometryBuilder.swift */,
				3C0E32AE22F764E30048CFA4 /* metalState.png */,
				3C0E32B222F764E40048CFA4 /* MetalState.swift */,
				3C0E32AB22F764E30048CFA4 /* Random.swift */,
				3C0E32A722F764E30048CFA4 /* Settings.swift */,
				3C0E32B122F764E30048CFA4 /* Structs.swift */,
				3C0E32A922F764E30048CFA4 /* TextureTools.swift */,
				3C0E32B022F764E30048CFA4 /* WaterSim.swift */,
				3C0E327D22F764C80048CFA4 /* Main.storyboard */,
				3C0E328022F764C90048CFA4 /* Assets.xcassets */,
				3C0E328222F764C90048CFA4 /* LaunchScreen.storyboard */,
				3C0E328522F764C90048CFA4 /* Info.plist */,
				3C0E32AC22F764E30048CFA4 /* Shaders.metal */,
				3C0E32AF22F764E30048CFA4 /* Water.metal */,
			);
			path = PaintSplatter;
			sourceTree = "<group>";
		};
		3C0E328D22F764C90048CFA4 /* PaintSplatterTests */ = {
			isa = PBXGroup;
			children = (
				3C0E328E22F764C90048CFA4 /* PaintSplatterTests.swift */,
				3C0E329022F764C90048CFA4 /* Info.plist */,
			);
			path = PaintSplatterTests;
			sourceTree = "<group>";
		};
		3C0E329822F764C90048CFA4 /* PaintSplatterUITests */ = {
			isa = PBXGroup;
			children = (
				3C0E329922F764C90048CFA4 /* PaintSplatterUITests.swift */,
				3C0E329B22F764C90048CFA4 /* Info.plist */,
			);
			path = PaintSplatterUITests;
			sourceTree = "<group>";
		};
/* End PBXGroup section */

/* Begin PBXNativeTarget section */
		3C0E327522F764C80048CFA4 /* PaintSplatter */ = {
			isa = PBXNativeTarget;
			buildConfigurationList = 3C0E329E22F764C90048CFA4 /* Build configuration list for PBXNativeTarget "PaintSplatter" */;
			buildPhases = (
				3C0E327222F764C80048CFA4 /* Sources */,
				3C0E327322F764C80048CFA4 /* Frameworks */,
				3C0E327422F764C80048CFA4 /* Resources */,
			);
			buildRules = (
			);
			dependencies = (
			);
			name = PaintSplatter;
			productName = PaintSplatter;
			productReference = 3C0E327622F764C80048CFA4 /* PaintSplatter.app */;
			productType = "com.apple.product-type.application";
		};
		3C0E328922F764C90048CFA4 /* PaintSplatterTests */ = {
			isa = PBXNativeTarget;
			buildConfigurationList = 3C0E32A122F764C90048CFA4 /* Build configuration list for PBXNativeTarget "PaintSplatterTests" */;
			buildPhases = (
				3C0E328622F764C90048CFA4 /* Sources */,
				3C0E328722F764C90048CFA4 /* Frameworks */,
				3C0E328822F764C90048CFA4 /* Resources */,
			);
			buildRules = (
			);
			dependencies = (
				3C0E328C22F764C90048CFA4 /* PBXTargetDependency */,
			);
			name = PaintSplatterTests;
			productName = PaintSplatterTests;
			productReference = 3C0E328A22F764C90048CFA4 /* PaintSplatterTests.xctest */;
			productType = "com.apple.product-type.bundle.unit-test";
		};
		3C0E329422F764C90048CFA4 /* PaintSplatterUITests */ = {
			isa = PBXNativeTarget;
			buildConfigurationList = 3C0E32A422F764C90048CFA4 /* Build configuration list for PBXNativeTarget "PaintSplatterUITests" */;
			buildPhases = (
				3C0E329122F764C90048CFA4 /* Sources */,
				3C0E329222F764C90048CFA4 /* Frameworks */,
				3C0E329322F764C90048CFA4 /* Resources */,
			);
			buildRules = (
			);
			dependencies = (
				3C0E329722F764C90048CFA4 /* PBXTargetDependency */,
			);
			name = PaintSplatterUITests;
			productName = PaintSplatterUITests;
			productReference = 3C0E329522F764C90048CFA4 /* PaintSplatterUITests.xctest */;
			productType = "com.apple.product-type.bundle.ui-testing";
		};
/* End PBXNativeTarget section */

/* Begin PBXProject section */
		3C0E326E22F764C80048CFA4 /* Project object */ = {
			isa = PBXProject;
			attributes = {
				LastSwiftUpdateCheck = 1020;
				LastUpgradeCheck = 1020;
				ORGANIZATIONNAME = "Caleb Kierum";
				TargetAttributes = {
					3C0E327522F764C80048CFA4 = {
						CreatedOnToolsVersion = 10.2.1;
					};
					3C0E328922F764C90048CFA4 = {
						CreatedOnToolsVersion = 10.2.1;
						TestTargetID = 3C0E327522F764C80048CFA4;
					};
					3C0E329422F764C90048CFA4 = {
						CreatedOnToolsVersion = 10.2.1;
						TestTargetID = 3C0E327522F764C80048CFA4;
					};
				};
			};
			buildConfigurationList = 3C0E327122F764C80048CFA4 /* Build configuration list for PBXProject "PaintSplatter" */;
			compatibilityVersion = "Xcode 9.3";
			developmentRegion = en;
			hasScannedForEncodings = 0;
			knownRegions = (
				en,
				Base,
			);
			mainGroup = 3C0E326D22F764C80048CFA4;
			productRefGroup = 3C0E327722F764C80048CFA4 /* Products */;
			projectDirPath = "";
			projectRoot = "";
			targets = (
				3C0E327522F764C80048CFA4 /* PaintSplatter */,
				3C0E328922F764C90048CFA4 /* PaintSplatterTests */,
				3C0E329422F764C90048CFA4 /* PaintSplatterUITests */,
			);
		};
/* End PBXProject section */

/* Begin PBXResourcesBuildPhase section */
		3C0E327422F764C80048CFA4 /* Resources */ = {
			isa = PBXResourcesBuildPhase;
			buildActionMask = 2147483647;
			files = (
				3C0E328422F764C90048CFA4 /* LaunchScreen.storyboard in Resources */,
				3C0E32BA22F764E40048CFA4 /* metalState.png in Resources */,
				3C0E328122F764C90048CFA4 /* Assets.xcassets in Resources */,
				3C0E327F22F764C80048CFA4 /* Main.storyboard in Resources */,
			);
			runOnlyForDeploymentPostprocessing = 0;
		};
		3C0E328822F764C90048CFA4 /* Resources */ = {
			isa = PBXResourcesBuildPhase;
			buildActionMask = 2147483647;
			files = (
			);
			runOnlyForDeploymentPostprocessing = 0;
		};
		3C0E329322F764C90048CFA4 /* Resources */ = {
			isa = PBXResourcesBuildPhase;
			buildActionMask = 2147483647;
			files = (
			);
			runOnlyForDeploymentPostprocessing = 0;
		};
/* End PBXResourcesBuildPhase section */

/* Begin PBXSourcesBuildPhase section */
		3C0E327222F764C80048CFA4 /* Sources */ = {
			isa = PBXSourcesBuildPhase;
			buildActionMask = 2147483647;
			files = (
				3C0E32BD22F764E40048CFA4 /* Structs.swift in Sources */,
				3C0E32B822F764E40048CFA4 /* Shaders.metal in Sources */,
				3C0E32B322F764E40048CFA4 /* Settings.swift in Sources */,
				3C0E32C022F768C20048CFA4 /* ExecuteContinuously.swift in Sources */,
				3C0E32BE22F764E40048CFA4 /* MetalState.swift in Sources */,
				3C0E32B922F764E40048CFA4 /* Ensure.swift in Sources */,
				3C0E32B622F764E40048CFA4 /* Extensions.swift in Sources */,
				3C0E327C22F764C80048CFA4 /* ViewController.swift in Sources */,
				3C0E327A22F764C80048CFA4 /* AppDelegate.swift in Sources */,
				3C0E32B422F764E40048CFA4 /* GeometryBuilder.swift in Sources */,
				3C0E32BB22F764E40048CFA4 /* Water.metal in Sources */,
				3C0E32B522F764E40048CFA4 /* TextureTools.swift in Sources */,
				3C0E32B722F764E40048CFA4 /* Random.swift in Sources */,
				3C0E32BC22F764E40048CFA4 /* WaterSim.swift in Sources */,
			);
			runOnlyForDeploymentPostprocessing = 0;
		};
		3C0E328622F764C90048CFA4 /* Sources */ = {
			isa = PBXSourcesBuildPhase;
			buildActionMask = 2147483647;
			files = (
				3C0E328F22F764C90048CFA4 /* PaintSplatterTests.swift in Sources */,
			);
			runOnlyForDeploymentPostprocessing = 0;
		};
		3C0E329122F764C90048CFA4 /* Sources */ = {
			isa = PBXSourcesBuildPhase;
			buildActionMask = 2147483647;
			files = (
				3C0E329A22F764C90048CFA4 /* PaintSplatterUITests.swift in Sources */,
			);
			runOnlyForDeploymentPostprocessing = 0;
		};
/* End PBXSourcesBuildPhase section */

/* Begin PBXTargetDependency section */
		3C0E328C22F764C90048CFA4 /* PBXTargetDependency */ = {
			isa = PBXTargetDependency;
			target = 3C0E327522F764C80048CFA4 /* PaintSplatter */;
			targetProxy = 3C0E328B22F764C90048CFA4 /* PBXContainerItemProxy */;
		};
		3C0E329722F764C90048CFA4 /* PBXTargetDependency */ = {
			isa = PBXTargetDependency;
			target = 3C0E327522F764C80048CFA4 /* PaintSplatter */;
			targetProxy = 3C0E329622F764C90048CFA4 /* PBXContainerItemProxy */;
		};
/* End PBXTargetDependency section */

/* Begin PBXVariantGroup section */
		3C0E327D22F764C80048CFA4 /* Main.storyboard */ = {
			isa = PBXVariantGroup;
			children = (
				3C0E327E22F764C80048CFA4 /* Base */,
			);
			name = Main.storyboard;
			sourceTree = "<group>";
		};
		3C0E328222F764C90048CFA4 /* LaunchScreen.storyboard */ = {
			isa = PBXVariantGroup;
			children = (
				3C0E328322F764C90048CFA4 /* Base */,
			);
			name = LaunchScreen.storyboard;
			sourceTree = "<group>";
		};
/* End PBXVariantGroup section */

/* Begin XCBuildConfiguration section */
		3C0E329C22F764C90048CFA4 /* Debug */ = {
			isa = XCBuildConfiguration;
			buildSettings = {
				ALWAYS_SEARCH_USER_PATHS = NO;
				CLANG_ANALYZER_NONNULL = YES;
				CLANG_ANALYZER_NUMBER_OBJECT_CONVERSION = YES_AGGRESSIVE;
				CLANG_CXX_LANGUAGE_STANDARD = "gnu++14";
				CLANG_CXX_LIBRARY = "libc++";
				CLANG_ENABLE_MODULES = YES;
				CLANG_ENABLE_OBJC_ARC = YES;
				CLANG_ENABLE_OBJC_WEAK = YES;
				CLANG_WARN_BLOCK_CAPTURE_AUTORELEASING = YES;
				CLANG_WARN_BOOL_CONVERSION = YES;
				CLANG_WARN_COMMA = YES;
				CLANG_WARN_CONSTANT_CONVERSION = YES;
				CLANG_WARN_DEPRECATED_OBJC_IMPLEMENTATIONS = YES;
				CLANG_WARN_DIRECT_OBJC_ISA_USAGE = YES_ERROR;
				CLANG_WARN_DOCUMENTATION_COMMENTS = YES;
				CLANG_WARN_EMPTY_BODY = YES;
				CLANG_WARN_ENUM_CONVERSION = YES;
				CLANG_WARN_INFINITE_RECURSION = YES;
				CLANG_WARN_INT_CONVERSION = YES;
				CLANG_WARN_NON_LITERAL_NULL_CONVERSION = YES;
				CLANG_WARN_OBJC_IMPLICIT_RETAIN_SELF = YES;
				CLANG_WARN_OBJC_LITERAL_CONVERSION = YES;
				CLANG_WARN_OBJC_ROOT_CLASS = YES_ERROR;
				CLANG_WARN_RANGE_LOOP_ANALYSIS = YES;
				CLANG_WARN_STRICT_PROTOTYPES = YES;
				CLANG_WARN_SUSPICIOUS_MOVE = YES;
				CLANG_WARN_UNGUARDED_AVAILABILITY = YES_AGGRESSIVE;
				CLANG_WARN_UNREACHABLE_CODE = YES;
				CLANG_WARN__DUPLICATE_METHOD_MATCH = YES;
				CODE_SIGN_IDENTITY = "iPhone Developer";
				COPY_PHASE_STRIP = NO;
				DEBUG_INFORMATION_FORMAT = dwarf;
				ENABLE_STRICT_OBJC_MSGSEND = YES;
				ENABLE_TESTABILITY = YES;
				GCC_C_LANGUAGE_STANDARD = gnu11;
				GCC_DYNAMIC_NO_PIC = NO;
				GCC_NO_COMMON_BLOCKS = YES;
				GCC_OPTIMIZATION_LEVEL = 0;
				GCC_PREPROCESSOR_DEFINITIONS = (
					"DEBUG=1",
					"$(inherited)",
				);
				GCC_WARN_64_TO_32_BIT_CONVERSION = YES;
				GCC_WARN_ABOUT_RETURN_TYPE = YES_ERROR;
				GCC_WARN_UNDECLARED_SELECTOR = YES;
				GCC_WARN_UNINITIALIZED_AUTOS = YES_AGGRESSIVE;
				GCC_WARN_UNUSED_FUNCTION = YES;
				GCC_WARN_UNUSED_VARIABLE = YES;
				IPHONEOS_DEPLOYMENT_TARGET = 12.2;
				MTL_ENABLE_DEBUG_INFO = INCLUDE_SOURCE;
				MTL_FAST_MATH = YES;
				ONLY_ACTIVE_ARCH = YES;
				SDKROOT = iphoneos;
				SWIFT_ACTIVE_COMPILATION_CONDITIONS = DEBUG;
				SWIFT_OPTIMIZATION_LEVEL = "-Onone";
			};
			name = Debug;
		};
		3C0E329D22F764C90048CFA4 /* Release */ = {
			isa = XCBuildConfiguration;
			buildSettings = {
				ALWAYS_SEARCH_USER_PATHS = NO;
				CLANG_ANALYZER_NONNULL = YES;
				CLANG_ANALYZER_NUMBER_OBJECT_CONVERSION = YES_AGGRESSIVE;
				CLANG_CXX_LANGUAGE_STANDARD = "gnu++14";
				CLANG_CXX_LIBRARY = "libc++";
				CLANG_ENABLE_MODULES = YES;
				CLANG_ENABLE_OBJC_ARC = YES;
				CLANG_ENABLE_OBJC_WEAK = YES;
				CLANG_WARN_BLOCK_CAPTURE_AUTORELEASING = YES;
				CLANG_WARN_BOOL_CONVERSION = YES;
				CLANG_WARN_COMMA = YES;
				CLANG_WARN_CONSTANT_CONVERSION = YES;
				CLANG_WARN_DEPRECATED_OBJC_IMPLEMENTATIONS = YES;
				CLANG_WARN_DIRECT_OBJC_ISA_USAGE = YES_ERROR;
				CLANG_WARN_DOCUMENTATION_COMMENTS = YES;
				CLANG_WARN_EMPTY_BODY = YES;
				CLANG_WARN_ENUM_CONVERSION = YES;
				CLANG_WARN_INFINITE_RECURSION = YES;
				CLANG_WARN_INT_CONVERSION = YES;
				CLANG_WARN_NON_LITERAL_NULL_CONVERSION = YES;
				CLANG_WARN_OBJC_IMPLICIT_RETAIN_SELF = YES;
				CLANG_WARN_OBJC_LITERAL_CONVERSION = YES;
				CLANG_WARN_OBJC_ROOT_CLASS = YES_ERROR;
				CLANG_WARN_RANGE_LOOP_ANALYSIS = YES;
				CLANG_WARN_STRICT_PROTOTYPES = YES;
				CLANG_WARN_SUSPICIOUS_MOVE = YES;
				CLANG_WARN_UNGUARDED_AVAILABILITY = YES_AGGRESSIVE;
				CLANG_WARN_UNREACHABLE_CODE = YES;
				CLANG_WARN__DUPLICATE_METHOD_MATCH = YES;
				CODE_SIGN_IDENTITY = "iPhone Developer";
				COPY_PHASE_STRIP = NO;
				DEBUG_INFORMATION_FORMAT = "dwarf-with-dsym";
				ENABLE_NS_ASSERTIONS = NO;
				ENABLE_STRICT_OBJC_MSGSEND = YES;
				GCC_C_LANGUAGE_STANDARD = gnu11;
				GCC_NO_COMMON_BLOCKS = YES;
				GCC_WARN_64_TO_32_BIT_CONVERSION = YES;
				GCC_WARN_ABOUT_RETURN_TYPE = YES_ERROR;
				GCC_WARN_UNDECLARED_SELECTOR = YES;
				GCC_WARN_UNINITIALIZED_AUTOS = YES_AGGRESSIVE;
				GCC_WARN_UNUSED_FUNCTION = YES;
				GCC_WARN_UNUSED_VARIABLE = YES;
				IPHONEOS_DEPLOYMENT_TARGET = 12.2;
				MTL_ENABLE_DEBUG_INFO = NO;
				MTL_FAST_MATH = YES;
				SDKROOT = iphoneos;
				SWIFT_COMPILATION_MODE = wholemodule;
				SWIFT_OPTIMIZATION_LEVEL = "-O";
				VALIDATE_PRODUCT = YES;
			};
			name = Release;
		};
		3C0E329F22F764C90048CFA4 /* Debug */ = {
			isa = XCBuildConfiguration;
			buildSettings = {
				ASSETCATALOG_COMPILER_APPICON_NAME = AppIcon;
				CODE_SIGN_STYLE = Automatic;
				DEVELOPMENT_TEAM = 922QE82JGA;
				INFOPLIST_FILE = PaintSplatter/Info.plist;
				LD_RUNPATH_SEARCH_PATHS = (
					"$(inherited)",
					"@executable_path/Frameworks",
				);
				PRODUCT_BUNDLE_IDENTIFIER = calebk.PaintSplatter;
				PRODUCT_NAME = "$(TARGET_NAME)";
				SWIFT_VERSION = 5.0;
				TARGETED_DEVICE_FAMILY = "1,2";
			};
			name = Debug;
		};
		3C0E32A022F764C90048CFA4 /* Release */ = {
			isa = XCBuildConfiguration;
			buildSettings = {
				ASSETCATALOG_COMPILER_APPICON_NAME = AppIcon;
				CODE_SIGN_STYLE = Automatic;
				DEVELOPMENT_TEAM = 922QE82JGA;
				INFOPLIST_FILE = PaintSplatter/Info.plist;
				LD_RUNPATH_SEARCH_PATHS = (
					"$(inherited)",
					"@executable_path/Frameworks",
				);
				PRODUCT_BUNDLE_IDENTIFIER = calebk.PaintSplatter;
				PRODUCT_NAME = "$(TARGET_NAME)";
				SWIFT_VERSION = 5.0;
				TARGETED_DEVICE_FAMILY = "1,2";
			};
			name = Release;
		};
		3C0E32A222F764C90048CFA4 /* Debug */ = {
			isa = XCBuildConfiguration;
			buildSettings = {
				ALWAYS_EMBED_SWIFT_STANDARD_LIBRARIES = YES;
				BUNDLE_LOADER = "$(TEST_HOST)";
				CODE_SIGN_STYLE = Automatic;
				DEVELOPMENT_TEAM = 922QE82JGA;
				INFOPLIST_FILE = PaintSplatterTests/Info.plist;
				LD_RUNPATH_SEARCH_PATHS = (
					"$(inherited)",
					"@executable_path/Frameworks",
					"@loader_path/Frameworks",
				);
				PRODUCT_BUNDLE_IDENTIFIER = calebk.PaintSplatterTests;
				PRODUCT_NAME = "$(TARGET_NAME)";
				SWIFT_VERSION = 5.0;
				TARGETED_DEVICE_FAMILY = "1,2";
				TEST_HOST = "$(BUILT_PRODUCTS_DIR)/PaintSplatter.app/PaintSplatter";
			};
			name = Debug;
		};
		3C0E32A322F764C90048CFA4 /* Release */ = {
			isa = XCBuildConfiguration;
			buildSettings = {
				ALWAYS_EMBED_SWIFT_STANDARD_LIBRARIES = YES;
				BUNDLE_LOADER = "$(TEST_HOST)";
				CODE_SIGN_STYLE = Automatic;
				DEVELOPMENT_TEAM = 922QE82JGA;
				INFOPLIST_FILE = PaintSplatterTests/Info.plist;
				LD_RUNPATH_SEARCH_PATHS = (
					"$(inherited)",
					"@executable_path/Frameworks",
					"@loader_path/Frameworks",
				);
				PRODUCT_BUNDLE_IDENTIFIER = calebk.PaintSplatterTests;
				PRODUCT_NAME = "$(TARGET_NAME)";
				SWIFT_VERSION = 5.0;
				TARGETED_DEVICE_FAMILY = "1,2";
				TEST_HOST = "$(BUILT_PRODUCTS_DIR)/PaintSplatter.app/PaintSplatter";
			};
			name = Release;
		};
		3C0E32A522F764C90048CFA4 /* Debug */ = {
			isa = XCBuildConfiguration;
			buildSettings = {
				ALWAYS_EMBED_SWIFT_STANDARD_LIBRARIES = YES;
				CODE_SIGN_STYLE = Automatic;
				DEVELOPMENT_TEAM = 922QE82JGA;
				INFOPLIST_FILE = PaintSplatterUITests/Info.plist;
				LD_RUNPATH_SEARCH_PATHS = (
					"$(inherited)",
					"@executable_path/Frameworks",
					"@loader_path/Frameworks",
				);
				PRODUCT_BUNDLE_IDENTIFIER = calebk.PaintSplatterUITests;
				PRODUCT_NAME = "$(TARGET_NAME)";
				SWIFT_VERSION = 5.0;
				TARGETED_DEVICE_FAMILY = "1,2";
				TEST_TARGET_NAME = PaintSplatter;
			};
			name = Debug;
		};
		3C0E32A622F764C90048CFA4 /* Release */ = {
			isa = XCBuildConfiguration;
			buildSettings = {
				ALWAYS_EMBED_SWIFT_STANDARD_LIBRARIES = YES;
				CODE_SIGN_STYLE = Automatic;
				DEVELOPMENT_TEAM = 922QE82JGA;
				INFOPLIST_FILE = PaintSplatterUITests/Info.plist;
				LD_RUNPATH_SEARCH_PATHS = (
					"$(inherited)",
					"@executable_path/Frameworks",
					"@loader_path/Frameworks",
				);
				PRODUCT_BUNDLE_IDENTIFIER = calebk.PaintSplatterUITests;
				PRODUCT_NAME = "$(TARGET_NAME)";
				SWIFT_VERSION = 5.0;
				TARGETED_DEVICE_FAMILY = "1,2";
				TEST_TARGET_NAME = PaintSplatter;
			};
			name = Release;
		};
/* End XCBuildConfiguration section */

/* Begin XCConfigurationList section */
		3C0E327122F764C80048CFA4 /* Build configuration list for PBXProject "PaintSplatter" */ = {
			isa = XCConfigurationList;
			buildConfigurations = (
				3C0E329C22F764C90048CFA4 /* Debug */,
				3C0E329D22F764C90048CFA4 /* Release */,
			);
			defaultConfigurationIsVisible = 0;
			defaultConfigurationName = Release;
		};
		3C0E329E22F764C90048CFA4 /* Build configuration list for PBXNativeTarget "PaintSplatter" */ = {
			isa = XCConfigurationList;
			buildConfigurations = (
				3C0E329F22F764C90048CFA4 /* Debug */,
				3C0E32A022F764C90048CFA4 /* Release */,
			);
			defaultConfigurationIsVisible = 0;
			defaultConfigurationName = Release;
		};
		3C0E32A122F764C90048CFA4 /* Build configuration list for PBXNativeTarget "PaintSplatterTests" */ = {
			isa = XCConfigurationList;
			buildConfigurations = (
				3C0E32A222F764C90048CFA4 /* Debug */,
				3C0E32A322F764C90048CFA4 /* Release */,
			);
			defaultConfigurationIsVisible = 0;
			defaultConfigurationName = Release;
		};
		3C0E32A422F764C90048CFA4 /* Build configuration list for PBXNativeTarget "PaintSplatterUITests" */ = {
			isa = XCConfigurationList;
			buildConfigurations = (
				3C0E32A522F764C90048CFA4 /* Debug */,
				3C0E32A622F764C90048CFA4 /* Release */,
			);
			defaultConfigurationIsVisible = 0;
			defaultConfigurationName = Release;
		};
/* End XCConfigurationList section */
	};
	rootObject = 3C0E326E22F764C80048CFA4 /* Project object */;
}
